
Microsoft Visual Studio Solution File, Format Version 12.00
# Visual Studio 15
Project("{FAE04EC0-301F-11D3-BF4B-00C04F79EFBC}") = "LCS", "LCS\LCS.csproj", "{38885136-A81C-4B1B-8B68-3C105A58C8DE}"
EndProject
Global
	GlobalSection(SolutionConfigurationPlatforms) = preSolution
		Debug|Any CPU = Debug|Any CPU
		Release|Any CPU = Release|Any CPU
	EndGlobalSection
	GlobalSection(ProjectConfigurationPlatforms) = postSolution
		{38885136-A81C-4B1B-8B68-3C105A58C8DE}.Debug|Any CPU.ActiveCfg = Debug|Any CPU
		{38885136-A81C-4B1B-8B68-3C105A58C8DE}.Debug|Any CPU.Build.0 = Debug|Any CPU
		{38885136-A81C-4B1B-8B68-3C105A58C8DE}.Release|Any CPU.ActiveCfg = Release|Any CPU
		{38885136-A81C-4B1B-8B68-3C105A58C8DE}.Release|Any CPU.Build.0 = Release|Any CPU
	EndGlobalSection
EndGlobal
